
Microsoft Visual Studio Solution File, Format Version 12.00
# Visual Studio Version 16
VisualStudioVersion = 16.0.31424.327
MinimumVisualStudioVersion = 10.0.40219.1
Project("{2150E333-8FDC-42A3-9474-1A3956D46DE8}") = "CleanArch.Application", "CleanArch.Application", "{3B8A9BEC-ECE9-4B78-BD05-E22BC9F36EC4}"
EndProject
Project("{2150E333-8FDC-42A3-9474-1A3956D46DE8}") = "CleanArch.Domain", "CleanArch.Domain", "{7E7AB99C-A82B-40CF-BC1A-47FE89126DDE}"
EndProject
Project("{2150E333-8FDC-42A3-9474-1A3956D46DE8}") = "CleanArch.Infra.IoC", "CleanArch.Infra.IoC", "{BC8214B5-6BBF-432B-BEB3-D552C949483A}"
EndProject
Project("{2150E333-8FDC-42A3-9474-1A3956D46DE8}") = "CleanArch.Infra.Data", "CleanArch.Infra.Data", "{E49B450C-8F34-4EE1-9DB8-F558EDA9F8C8}"
EndProject
Project("{2150E333-8FDC-42A3-9474-1A3956D46DE8}") = "CleanArch.UI.Mvc", "CleanArch.UI.Mvc", "{0628D55F-652F-41EF-8B34-49C8F1614148}"
EndProject
Project("{FAE04EC0-301F-11D3-BF4B-00C04F79EFBC}") = "CleanArch.Mvc", "CleanArch.Mvc\CleanArch.Mvc.csproj", "{8A07071D-2085-4B46-B7DF-0E1A6BF9EC69}"
EndProject
Global
	GlobalSection(SolutionConfigurationPlatforms) = preSolution
		Debug|Any CPU = Debug|Any CPU
		Release|Any CPU = Release|Any CPU
	EndGlobalSection
	GlobalSection(ProjectConfigurationPlatforms) = postSolution
		{8A07071D-2085-4B46-B7DF-0E1A6BF9EC69}.Debug|Any CPU.ActiveCfg = Debug|Any CPU
		{8A07071D-2085-4B46-B7DF-0E1A6BF9EC69}.Debug|Any CPU.Build.0 = Debug|Any CPU
		{8A07071D-2085-4B46-B7DF-0E1A6BF9EC69}.Release|Any CPU.ActiveCfg = Release|Any CPU
		{8A07071D-2085-4B46-B7DF-0E1A6BF9EC69}.Release|Any CPU.Build.0 = Release|Any CPU
	EndGlobalSection
	GlobalSection(SolutionProperties) = preSolution
		HideSolutionNode = FALSE
	EndGlobalSection
	GlobalSection(NestedProjects) = preSolution
		{8A07071D-2085-4B46-B7DF-0E1A6BF9EC69} = {0628D55F-652F-41EF-8B34-49C8F1614148}
	EndGlobalSection
	GlobalSection(ExtensibilityGlobals) = postSolution
		SolutionGuid = {A83F6390-43AE-4391-96DC-69A1D0AF3CB2}
	EndGlobalSection
EndGlobal
